
Microsoft Visual Studio Solution File, Format Version 12.00
# Visual Studio 15
VisualStudioVersion = 15.0.28010.2041
MinimumVisualStudioVersion = 10.0.40219.1
Project("{FAE04EC0-301F-11D3-BF4B-00C04F79EFBC}") = "SingletonPattern", "SingletonPattern\SingletonPattern.csproj", "{DA04082D-3D72-4DD4-8810-EECFDAEB4040}"
EndProject
Global
	GlobalSection(SolutionConfigurationPlatforms) = preSolution
		Debug|Any CPU = Debug|Any CPU
		Release|Any CPU = Release|Any CPU
	EndGlobalSection
	GlobalSection(ProjectConfigurationPlatforms) = postSolution
		{DA04082D-3D72-4DD4-8810-EECFDAEB4040}.Debug|Any CPU.ActiveCfg = Debug|Any CPU
		{DA04082D-3D72-4DD4-8810-EECFDAEB4040}.Debug|Any CPU.Build.0 = Debug|Any CPU
		{DA04082D-3D72-4DD4-8810-EECFDAEB4040}.Release|Any CPU.ActiveCfg = Release|Any CPU
		{DA04082D-3D72-4DD4-8810-EECFDAEB4040}.Release|Any CPU.Build.0 = Release|Any CPU
	EndGlobalSection
	GlobalSection(SolutionProperties) = preSolution
		HideSolutionNode = FALSE
	EndGlobalSection
	GlobalSection(ExtensibilityGlobals) = postSolution
		SolutionGuid = {DD5B4EC5-9272-483F-9B45-179BE3FBE521}
	EndGlobalSection
EndGlobal
